
Microsoft Visual Studio Solution File, Format Version 11.00
# Visual Studio 2010
Project("{FAE04EC0-301F-11D3-BF4B-00C04F79EFBC}") = "Webcookie", "Webcookie\Webcookie.csproj", "{193312B5-813A-4AC1-8CEC-86A817210377}"
EndProject
Project("{FAE04EC0-301F-11D3-BF4B-00C04F79EFBC}") = "WebHlcookie", "WebHlcookie\WebHlcookie.csproj", "{FC18ECEB-DA20-42A8-9F63-A59693812075}"
EndProject
Project("{FAE04EC0-301F-11D3-BF4B-00C04F79EFBC}") = "Frtest", "Frtest\Frtest.csproj", "{13ABBC89-634D-4C61-86E7-CD5358501A56}"
EndProject
Project("{FAE04EC0-301F-11D3-BF4B-00C04F79EFBC}") = "ConsoleApplicationRD", "ConsoleApplicationRD\ConsoleApplicationRD.csproj", "{B5254F1C-02E2-4335-B1D7-9F3435FD7E06}"
EndProject
Global
	GlobalSection(SolutionConfigurationPlatforms) = preSolution
		Debug|Any CPU = Debug|Any CPU
		Debug|Mixed Platforms = Debug|Mixed Platforms
		Debug|x86 = Debug|x86
		Release|Any CPU = Release|Any CPU
		Release|Mixed Platforms = Release|Mixed Platforms
		Release|x86 = Release|x86
	EndGlobalSection
	GlobalSection(ProjectConfigurationPlatforms) = postSolution
		{193312B5-813A-4AC1-8CEC-86A817210377}.Debug|Any CPU.ActiveCfg = Debug|Any CPU
		{193312B5-813A-4AC1-8CEC-86A817210377}.Debug|Any CPU.Build.0 = Debug|Any CPU
		{193312B5-813A-4AC1-8CEC-86A817210377}.Debug|Mixed Platforms.ActiveCfg = Debug|Any CPU
		{193312B5-813A-4AC1-8CEC-86A817210377}.Debug|Mixed Platforms.Build.0 = Debug|Any CPU
		{193312B5-813A-4AC1-8CEC-86A817210377}.Debug|x86.ActiveCfg = Debug|Any CPU
		{193312B5-813A-4AC1-8CEC-86A817210377}.Release|Any CPU.ActiveCfg = Release|Any CPU
		{193312B5-813A-4AC1-8CEC-86A817210377}.Release|Any CPU.Build.0 = Release|Any CPU
		{193312B5-813A-4AC1-8CEC-86A817210377}.Release|Mixed Platforms.ActiveCfg = Release|Any CPU
		{193312B5-813A-4AC1-8CEC-86A817210377}.Release|Mixed Platforms.Build.0 = Release|Any CPU
		{193312B5-813A-4AC1-8CEC-86A817210377}.Release|x86.ActiveCfg = Release|Any CPU
		{FC18ECEB-DA20-42A8-9F63-A59693812075}.Debug|Any CPU.ActiveCfg = Debug|Any CPU
		{FC18ECEB-DA20-42A8-9F63-A59693812075}.Debug|Any CPU.Build.0 = Debug|Any CPU
		{FC18ECEB-DA20-42A8-9F63-A59693812075}.Debug|Mixed Platforms.ActiveCfg = Debug|Any CPU
		{FC18ECEB-DA20-42A8-9F63-A59693812075}.Debug|Mixed Platforms.Build.0 = Debug|Any CPU
		{FC18ECEB-DA20-42A8-9F63-A59693812075}.Debug|x86.ActiveCfg = Debug|Any CPU
		{FC18ECEB-DA20-42A8-9F63-A59693812075}.Release|Any CPU.ActiveCfg = Release|Any CPU
		{FC18ECEB-DA20-42A8-9F63-A59693812075}.Release|Any CPU.Build.0 = Release|Any CPU
		{FC18ECEB-DA20-42A8-9F63-A59693812075}.Release|Mixed Platforms.ActiveCfg = Release|Any CPU
		{FC18ECEB-DA20-42A8-9F63-A59693812075}.Release|Mixed Platforms.Build.0 = Release|Any CPU
		{FC18ECEB-DA20-42A8-9F63-A59693812075}.Release|x86.ActiveCfg = Release|Any CPU
		{13ABBC89-634D-4C61-86E7-CD5358501A56}.Debug|Any CPU.ActiveCfg = Debug|x86
		{13ABBC89-634D-4C61-86E7-CD5358501A56}.Debug|Mixed Platforms.ActiveCfg = Debug|x86
		{13ABBC89-634D-4C61-86E7-CD5358501A56}.Debug|Mixed Platforms.Build.0 = Debug|x86
		{13ABBC89-634D-4C61-86E7-CD5358501A56}.Debug|x86.ActiveCfg = Debug|x86
		{13ABBC89-634D-4C61-86E7-CD5358501A56}.Debug|x86.Build.0 = Debug|x86
		{13ABBC89-634D-4C61-86E7-CD5358501A56}.Release|Any CPU.ActiveCfg = Release|x86
		{13ABBC89-634D-4C61-86E7-CD5358501A56}.Release|Mixed Platforms.ActiveCfg = Release|x86
		{13ABBC89-634D-4C61-86E7-CD5358501A56}.Release|Mixed Platforms.Build.0 = Release|x86
		{13ABBC89-634D-4C61-86E7-CD5358501A56}.Release|x86.ActiveCfg = Release|x86
		{13ABBC89-634D-4C61-86E7-CD5358501A56}.Release|x86.Build.0 = Release|x86
		{B5254F1C-02E2-4335-B1D7-9F3435FD7E06}.Debug|Any CPU.ActiveCfg = Debug|x86
		{B5254F1C-02E2-4335-B1D7-9F3435FD7E06}.Debug|Mixed Platforms.ActiveCfg = Debug|x86
		{B5254F1C-02E2-4335-B1D7-9F3435FD7E06}.Debug|Mixed Platforms.Build.0 = Debug|x86
		{B5254F1C-02E2-4335-B1D7-9F3435FD7E06}.Debug|x86.ActiveCfg = Debug|x86
		{B5254F1C-02E2-4335-B1D7-9F3435FD7E06}.Debug|x86.Build.0 = Debug|x86
		{B5254F1C-02E2-4335-B1D7-9F3435FD7E06}.Release|Any CPU.ActiveCfg = Release|x86
		{B5254F1C-02E2-4335-B1D7-9F3435FD7E06}.Release|Mixed Platforms.ActiveCfg = Release|x86
		{B5254F1C-02E2-4335-B1D7-9F3435FD7E06}.Release|Mixed Platforms.Build.0 = Release|x86
		{B5254F1C-02E2-4335-B1D7-9F3435FD7E06}.Release|x86.ActiveCfg = Release|x86
		{B5254F1C-02E2-4335-B1D7-9F3435FD7E06}.Release|x86.Build.0 = Release|x86
	EndGlobalSection
	GlobalSection(SolutionProperties) = preSolution
		HideSolutionNode = FALSE
	EndGlobalSection
EndGlobal
